
Microsoft Visual Studio Solution File, Format Version 12.00
# Visual Studio Version 17
VisualStudioVersion = 17.1.32421.90
MinimumVisualStudioVersion = 10.0.40219.1
Project("{FAE04EC0-301F-11D3-BF4B-00C04F79EFBC}") = "DbConnection", "DbConnection\DbConnection.csproj", "{671BEEE2-5728-4AC5-A6F3-6EE98A6476CC}"
EndProject
Global
	GlobalSection(SolutionConfigurationPlatforms) = preSolution
		Debug|Any CPU = Debug|Any CPU
		Release|Any CPU = Release|Any CPU
	EndGlobalSection
	GlobalSection(ProjectConfigurationPlatforms) = postSolution
		{671BEEE2-5728-4AC5-A6F3-6EE98A6476CC}.Debug|Any CPU.ActiveCfg = Debug|Any CPU
		{671BEEE2-5728-4AC5-A6F3-6EE98A6476CC}.Debug|Any CPU.Build.0 = Debug|Any CPU
		{671BEEE2-5728-4AC5-A6F3-6EE98A6476CC}.Release|Any CPU.ActiveCfg = Release|Any CPU
		{671BEEE2-5728-4AC5-A6F3-6EE98A6476CC}.Release|Any CPU.Build.0 = Release|Any CPU
	EndGlobalSection
	GlobalSection(SolutionProperties) = preSolution
		HideSolutionNode = FALSE
	EndGlobalSection
	GlobalSection(ExtensibilityGlobals) = postSolution
		SolutionGuid = {84AAD558-4506-4738-BA7E-99C4B4AB7559}
	EndGlobalSection
EndGlobal
